
Microsoft Visual Studio Solution File, Format Version 12.00
# Visual Studio Version 17
VisualStudioVersion = 17.10.35013.160
MinimumVisualStudioVersion = 10.0.40219.1
Project("{9A19103F-16F7-4668-BE54-9A1E7A4F7556}") = "Business Logic Layer", "Business Logic Layer\Business Logic Layer.csproj", "{CDDF9275-112F-43AE-820F-A0EE12747228}"
EndProject
Project("{9A19103F-16F7-4668-BE54-9A1E7A4F7556}") = "Data Access Layer", "Data Access Layer\Data Access Layer.csproj", "{2803FE97-22C7-4BCB-B4A4-DC6867640CAD}"
EndProject
Project("{9A19103F-16F7-4668-BE54-9A1E7A4F7556}") = "EFilm", "EFilm\EFilm.csproj", "{3A1F4B9F-E423-473C-AAA3-617D8BC9D41F}"
EndProject
Project("{9A19103F-16F7-4668-BE54-9A1E7A4F7556}") = "Models", "Models\Models.csproj", "{6DC67238-BF70-4304-97F1-4AB7CACCF3BB}"
EndProject
Project("{2150E333-8FDC-42A3-9474-1A3956D46DE8}") = "Elementos de la solución", "Elementos de la solución", "{1F754795-044A-45CA-8487-3E0A05E9A019}"
	ProjectSection(SolutionItems) = preProject
		README.md = README.md
	EndProjectSection
EndProject
Project("{FAE04EC0-301F-11D3-BF4B-00C04F79EFBC}") = "DTO", "DTO\DTO.csproj", "{A5742F51-E34E-4D5D-8C93-7A407EC2FC46}"
EndProject
Global
	GlobalSection(SolutionConfigurationPlatforms) = preSolution
		Debug|Any CPU = Debug|Any CPU
		Release|Any CPU = Release|Any CPU
	EndGlobalSection
	GlobalSection(ProjectConfigurationPlatforms) = postSolution
		{CDDF9275-112F-43AE-820F-A0EE12747228}.Debug|Any CPU.ActiveCfg = Debug|Any CPU
		{CDDF9275-112F-43AE-820F-A0EE12747228}.Debug|Any CPU.Build.0 = Debug|Any CPU
		{CDDF9275-112F-43AE-820F-A0EE12747228}.Release|Any CPU.ActiveCfg = Release|Any CPU
		{CDDF9275-112F-43AE-820F-A0EE12747228}.Release|Any CPU.Build.0 = Release|Any CPU
		{2803FE97-22C7-4BCB-B4A4-DC6867640CAD}.Debug|Any CPU.ActiveCfg = Debug|Any CPU
		{2803FE97-22C7-4BCB-B4A4-DC6867640CAD}.Debug|Any CPU.Build.0 = Debug|Any CPU
		{2803FE97-22C7-4BCB-B4A4-DC6867640CAD}.Release|Any CPU.ActiveCfg = Release|Any CPU
		{2803FE97-22C7-4BCB-B4A4-DC6867640CAD}.Release|Any CPU.Build.0 = Release|Any CPU
		{3A1F4B9F-E423-473C-AAA3-617D8BC9D41F}.Debug|Any CPU.ActiveCfg = Debug|Any CPU
		{3A1F4B9F-E423-473C-AAA3-617D8BC9D41F}.Debug|Any CPU.Build.0 = Debug|Any CPU
		{3A1F4B9F-E423-473C-AAA3-617D8BC9D41F}.Release|Any CPU.ActiveCfg = Release|Any CPU
		{3A1F4B9F-E423-473C-AAA3-617D8BC9D41F}.Release|Any CPU.Build.0 = Release|Any CPU
		{6DC67238-BF70-4304-97F1-4AB7CACCF3BB}.Debug|Any CPU.ActiveCfg = Debug|Any CPU
		{6DC67238-BF70-4304-97F1-4AB7CACCF3BB}.Debug|Any CPU.Build.0 = Debug|Any CPU
		{6DC67238-BF70-4304-97F1-4AB7CACCF3BB}.Release|Any CPU.ActiveCfg = Release|Any CPU
		{6DC67238-BF70-4304-97F1-4AB7CACCF3BB}.Release|Any CPU.Build.0 = Release|Any CPU
		{A5742F51-E34E-4D5D-8C93-7A407EC2FC46}.Debug|Any CPU.ActiveCfg = Debug|Any CPU
		{A5742F51-E34E-4D5D-8C93-7A407EC2FC46}.Debug|Any CPU.Build.0 = Debug|Any CPU
		{A5742F51-E34E-4D5D-8C93-7A407EC2FC46}.Release|Any CPU.ActiveCfg = Release|Any CPU
		{A5742F51-E34E-4D5D-8C93-7A407EC2FC46}.Release|Any CPU.Build.0 = Release|Any CPU
	EndGlobalSection
	GlobalSection(SolutionProperties) = preSolution
		HideSolutionNode = FALSE
	EndGlobalSection
	GlobalSection(ExtensibilityGlobals) = postSolution
		SolutionGuid = {07F4A8E2-66A9-4A6D-A919-6E1E156F9F34}
	EndGlobalSection
EndGlobal
