
Microsoft Visual Studio Solution File, Format Version 12.00
# Visual Studio Version 17
VisualStudioVersion = 17.9.34728.123
MinimumVisualStudioVersion = 10.0.40219.1
Project("{9A19103F-16F7-4668-BE54-9A1E7A4F7556}") = "EFilm", "EFilm.csproj", "{4A7DB905-7B95-4B94-AB46-FC3EC8E05E3B}"
EndProject
Project("{FAE04EC0-301F-11D3-BF4B-00C04F79EFBC}") = "Business Logic Layer", "..\Business Logic Layer\Business Logic Layer.csproj", "{F4314D0E-D725-4E82-8BAE-FD67B9282FC0}"
EndProject
Project("{FAE04EC0-301F-11D3-BF4B-00C04F79EFBC}") = "Data Access Layer", "..\Data Access Layer\Data Access Layer.csproj", "{32311E22-94F2-4944-9E5B-656EDE8C9B0B}"
EndProject
Project("{FAE04EC0-301F-11D3-BF4B-00C04F79EFBC}") = "Models", "..\Models\Models.csproj", "{2B4174C7-E8BA-4FA7-996E-D23604C3B759}"
EndProject
Global
	GlobalSection(SolutionConfigurationPlatforms) = preSolution
		Debug|Any CPU = Debug|Any CPU
		Release|Any CPU = Release|Any CPU
	EndGlobalSection
	GlobalSection(ProjectConfigurationPlatforms) = postSolution
		{4A7DB905-7B95-4B94-AB46-FC3EC8E05E3B}.Debug|Any CPU.ActiveCfg = Debug|Any CPU
		{4A7DB905-7B95-4B94-AB46-FC3EC8E05E3B}.Debug|Any CPU.Build.0 = Debug|Any CPU
		{4A7DB905-7B95-4B94-AB46-FC3EC8E05E3B}.Release|Any CPU.ActiveCfg = Release|Any CPU
		{4A7DB905-7B95-4B94-AB46-FC3EC8E05E3B}.Release|Any CPU.Build.0 = Release|Any CPU
		{F4314D0E-D725-4E82-8BAE-FD67B9282FC0}.Debug|Any CPU.ActiveCfg = Debug|Any CPU
		{F4314D0E-D725-4E82-8BAE-FD67B9282FC0}.Debug|Any CPU.Build.0 = Debug|Any CPU
		{F4314D0E-D725-4E82-8BAE-FD67B9282FC0}.Release|Any CPU.ActiveCfg = Release|Any CPU
		{F4314D0E-D725-4E82-8BAE-FD67B9282FC0}.Release|Any CPU.Build.0 = Release|Any CPU
		{32311E22-94F2-4944-9E5B-656EDE8C9B0B}.Debug|Any CPU.ActiveCfg = Debug|Any CPU
		{32311E22-94F2-4944-9E5B-656EDE8C9B0B}.Debug|Any CPU.Build.0 = Debug|Any CPU
		{32311E22-94F2-4944-9E5B-656EDE8C9B0B}.Release|Any CPU.ActiveCfg = Release|Any CPU
		{32311E22-94F2-4944-9E5B-656EDE8C9B0B}.Release|Any CPU.Build.0 = Release|Any CPU
		{2B4174C7-E8BA-4FA7-996E-D23604C3B759}.Debug|Any CPU.ActiveCfg = Debug|Any CPU
		{2B4174C7-E8BA-4FA7-996E-D23604C3B759}.Debug|Any CPU.Build.0 = Debug|Any CPU
		{2B4174C7-E8BA-4FA7-996E-D23604C3B759}.Release|Any CPU.ActiveCfg = Release|Any CPU
		{2B4174C7-E8BA-4FA7-996E-D23604C3B759}.Release|Any CPU.Build.0 = Release|Any CPU
	EndGlobalSection
	GlobalSection(SolutionProperties) = preSolution
		HideSolutionNode = FALSE
	EndGlobalSection
	GlobalSection(ExtensibilityGlobals) = postSolution
		SolutionGuid = {7B2EC4C4-7A6B-484F-80FE-B4B208BD710B}
	EndGlobalSection
EndGlobal
